// !$*UTF8*$!
{
	archiveVersion = 1;
	classes = {
	};
	objectVersion = 46;
	objects = {

/* Begin PBXBuildFile section */
		7F3556381E83D6F5001AC486 /* DZRuntimeViewController.m in Sources */ = {isa = PBXBuildFile; fileRef = 7F3556371E83D6F5001AC486 /* DZRuntimeViewController.m */; };
		7F35563D1E83D76C001AC486 /* DZMultithreadingViewController.m in Sources */ = {isa = PBXBuildFile; fileRef = 7F35563C1E83D76C001AC486 /* DZMultithreadingViewController.m */; };
		7F370F851F1355F100BDC51C /* DZLoginViewController.m in Sources */ = {isa = PBXBuildFile; fileRef = 7F370F841F1355F100BDC51C /* DZLoginViewController.m */; };
		7F370F881F135B2D00BDC51C /* TransPushTool.m in Sources */ = {isa = PBXBuildFile; fileRef = 7F370F871F135B2D00BDC51C /* TransPushTool.m */; };
		7F370F8B1F135BC900BDC51C /* TransPopTool.m in Sources */ = {isa = PBXBuildFile; fileRef = 7F370F8A1F135BC900BDC51C /* TransPopTool.m */; };
		7F370F8E1F135FDC00BDC51C /* DZPushTransition.m in Sources */ = {isa = PBXBuildFile; fileRef = 7F370F8D1F135FDC00BDC51C /* DZPushTransition.m */; };
		7F370F911F13644700BDC51C /* UIViewController+Custom.m in Sources */ = {isa = PBXBuildFile; fileRef = 7F370F901F13644700BDC51C /* UIViewController+Custom.m */; };
		7F370F941F1365BD00BDC51C /* DZPopTransition.m in Sources */ = {isa = PBXBuildFile; fileRef = 7F370F931F1365BD00BDC51C /* DZPopTransition.m */; };
		7F67CEFB1F28AE2C00AA61E4 /* DZSortViewController.m in Sources */ = {isa = PBXBuildFile; fileRef = 7F67CEFA1F28AE2C00AA61E4 /* DZSortViewController.m */; };
		7F77C7B81E84C36000CDAFE0 /* DZBaseViewController.m in Sources */ = {isa = PBXBuildFile; fileRef = 7F77C7B41E84C36000CDAFE0 /* DZBaseViewController.m */; };
		7F77C7B91E84C36000CDAFE0 /* DZBaseViewModel.m in Sources */ = {isa = PBXBuildFile; fileRef = 7F77C7B71E84C36000CDAFE0 /* DZBaseViewModel.m */; };
		7F77C7BF1E84CB7300CDAFE0 /* HomeViewDataSource.plist in Resources */ = {isa = PBXBuildFile; fileRef = 7F77C7BE1E84CB7300CDAFE0 /* HomeViewDataSource.plist */; };
		7F77C7C31E84CC2100CDAFE0 /* DZUtils.m in Sources */ = {isa = PBXBuildFile; fileRef = 7F77C7C21E84CC2100CDAFE0 /* DZUtils.m */; };
		7F8220791E8F6D11003A06D2 /* TestObject.m in Sources */ = {isa = PBXBuildFile; fileRef = 7F8220781E8F6D11003A06D2 /* TestObject.m */; };
		7F82207C1E8F6D37003A06D2 /* TestObject+Test.m in Sources */ = {isa = PBXBuildFile; fileRef = 7F82207B1E8F6D37003A06D2 /* TestObject+Test.m */; };
		7FDCF8901E80DE1000408069 /* main.m in Sources */ = {isa = PBXBuildFile; fileRef = 7FDCF88F1E80DE1000408069 /* main.m */; };
		7FDCF8931E80DE1000408069 /* AppDelegate.m in Sources */ = {isa = PBXBuildFile; fileRef = 7FDCF8921E80DE1000408069 /* AppDelegate.m */; };
		7FDCF8991E80DE1000408069 /* Main.storyboard in Resources */ = {isa = PBXBuildFile; fileRef = 7FDCF8971E80DE1000408069 /* Main.storyboard */; };
		7FDCF89C1E80DE1000408069 /* DZStudy.xcdatamodeld in Sources */ = {isa = PBXBuildFile; fileRef = 7FDCF89A1E80DE1000408069 /* DZStudy.xcdatamodeld */; };
		7FDCF89E1E80DE1000408069 /* Assets.xcassets in Resources */ = {isa = PBXBuildFile; fileRef = 7FDCF89D1E80DE1000408069 /* Assets.xcassets */; };
		7FDCF8A11E80DE1000408069 /* LaunchScreen.storyboard in Resources */ = {isa = PBXBuildFile; fileRef = 7FDCF89F1E80DE1000408069 /* LaunchScreen.storyboard */; };
		7FDCF8B01E80DFCB00408069 /* ViewController.m in Sources */ = {isa = PBXBuildFile; fileRef = 7FDCF8AF1E80DFCB00408069 /* ViewController.m */; };
/* End PBXBuildFile section */

/* Begin PBXFileReference section */
		7F3556361E83D6F5001AC486 /* DZRuntimeViewController.h */ = {isa = PBXFileReference; fileEncoding = 4; lastKnownFileType = sourcecode.c.h; path = DZRuntimeViewController.h; sourceTree = "<group>"; };
		7F3556371E83D6F5001AC486 /* DZRuntimeViewController.m */ = {isa = PBXFileReference; fileEncoding = 4; lastKnownFileType = sourcecode.c.objc; path = DZRuntimeViewController.m; sourceTree = "<group>"; };
		7F35563B1E83D76C001AC486 /* DZMultithreadingViewController.h */ = {isa = PBXFileReference; fileEncoding = 4; lastKnownFileType = sourcecode.c.h; path = DZMultithreadingViewController.h; sourceTree = "<group>"; };
		7F35563C1E83D76C001AC486 /* DZMultithreadingViewController.m */ = {isa = PBXFileReference; fileEncoding = 4; lastKnownFileType = sourcecode.c.objc; path = DZMultithreadingViewController.m; sourceTree = "<group>"; };
		7F370F831F1355F100BDC51C /* DZLoginViewController.h */ = {isa = PBXFileReference; fileEncoding = 4; lastKnownFileType = sourcecode.c.h; path = DZLoginViewController.h; sourceTree = "<group>"; };
		7F370F841F1355F100BDC51C /* DZLoginViewController.m */ = {isa = PBXFileReference; fileEncoding = 4; lastKnownFileType = sourcecode.c.objc; path = DZLoginViewController.m; sourceTree = "<group>"; };
		7F370F861F135B2D00BDC51C /* TransPushTool.h */ = {isa = PBXFileReference; fileEncoding = 4; lastKnownFileType = sourcecode.c.h; path = TransPushTool.h; sourceTree = "<group>"; };
		7F370F871F135B2D00BDC51C /* TransPushTool.m */ = {isa = PBXFileReference; fileEncoding = 4; lastKnownFileType = sourcecode.c.objc; path = TransPushTool.m; sourceTree = "<group>"; };
		7F370F891F135BC900BDC51C /* TransPopTool.h */ = {isa = PBXFileReference; fileEncoding = 4; lastKnownFileType = sourcecode.c.h; path = TransPopTool.h; sourceTree = "<group>"; };
		7F370F8A1F135BC900BDC51C /* TransPopTool.m */ = {isa = PBXFileReference; fileEncoding = 4; lastKnownFileType = sourcecode.c.objc; path = TransPopTool.m; sourceTree = "<group>"; };
		7F370F8C1F135FDC00BDC51C /* DZPushTransition.h */ = {isa = PBXFileReference; fileEncoding = 4; lastKnownFileType = sourcecode.c.h; path = DZPushTransition.h; sourceTree = "<group>"; };
		7F370F8D1F135FDC00BDC51C /* DZPushTransition.m */ = {isa = PBXFileReference; fileEncoding = 4; lastKnownFileType = sourcecode.c.objc; path = DZPushTransition.m; sourceTree = "<group>"; };
		7F370F8F1F13644700BDC51C /* UIViewController+Custom.h */ = {isa = PBXFileReference; fileEncoding = 4; lastKnownFileType = sourcecode.c.h; path = "UIViewController+Custom.h"; sourceTree = "<group>"; };
		7F370F901F13644700BDC51C /* UIViewController+Custom.m */ = {isa = PBXFileReference; fileEncoding = 4; lastKnownFileType = sourcecode.c.objc; path = "UIViewController+Custom.m"; sourceTree = "<group>"; };
		7F370F921F1365BD00BDC51C /* DZPopTransition.h */ = {isa = PBXFileReference; fileEncoding = 4; lastKnownFileType = sourcecode.c.h; path = DZPopTransition.h; sourceTree = "<group>"; };
		7F370F931F1365BD00BDC51C /* DZPopTransition.m */ = {isa = PBXFileReference; fileEncoding = 4; lastKnownFileType = sourcecode.c.objc; path = DZPopTransition.m; sourceTree = "<group>"; };
		7F67CEF91F28AE2C00AA61E4 /* DZSortViewController.h */ = {isa = PBXFileReference; fileEncoding = 4; lastKnownFileType = sourcecode.c.h; path = DZSortViewController.h; sourceTree = "<group>"; };
		7F67CEFA1F28AE2C00AA61E4 /* DZSortViewController.m */ = {isa = PBXFileReference; fileEncoding = 4; lastKnownFileType = sourcecode.c.objc; path = DZSortViewController.m; sourceTree = "<group>"; };
		7F77C7B31E84C36000CDAFE0 /* DZBaseViewController.h */ = {isa = PBXFileReference; fileEncoding = 4; lastKnownFileType = sourcecode.c.h; path = DZBaseViewController.h; sourceTree = "<group>"; };
		7F77C7B41E84C36000CDAFE0 /* DZBaseViewController.m */ = {isa = PBXFileReference; fileEncoding = 4; lastKnownFileType = sourcecode.c.objc; path = DZBaseViewController.m; sourceTree = "<group>"; };
		7F77C7B61E84C36000CDAFE0 /* DZBaseViewModel.h */ = {isa = PBXFileReference; fileEncoding = 4; lastKnownFileType = sourcecode.c.h; path = DZBaseViewModel.h; sourceTree = "<group>"; };
		7F77C7B71E84C36000CDAFE0 /* DZBaseViewModel.m */ = {isa = PBXFileReference; fileEncoding = 4; lastKnownFileType = sourcecode.c.objc; path = DZBaseViewModel.m; sourceTree = "<group>"; };
		7F77C7BC1E84CAD400CDAFE0 /* DZConstants.h */ = {isa = PBXFileReference; fileEncoding = 4; lastKnownFileType = sourcecode.c.h; path = DZConstants.h; sourceTree = "<group>"; };
		7F77C7BE1E84CB7300CDAFE0 /* HomeViewDataSource.plist */ = {isa = PBXFileReference; fileEncoding = 4; lastKnownFileType = text.plist.xml; path = HomeViewDataSource.plist; sourceTree = "<group>"; };
		7F77C7C11E84CC2100CDAFE0 /* DZUtils.h */ = {isa = PBXFileReference; fileEncoding = 4; lastKnownFileType = sourcecode.c.h; path = DZUtils.h; sourceTree = "<group>"; };
		7F77C7C21E84CC2100CDAFE0 /* DZUtils.m */ = {isa = PBXFileReference; fileEncoding = 4; lastKnownFileType = sourcecode.c.objc; path = DZUtils.m; sourceTree = "<group>"; };
		7F8220771E8F6D11003A06D2 /* TestObject.h */ = {isa = PBXFileReference; fileEncoding = 4; lastKnownFileType = sourcecode.c.h; path = TestObject.h; sourceTree = "<group>"; };
		7F8220781E8F6D11003A06D2 /* TestObject.m */ = {isa = PBXFileReference; fileEncoding = 4; lastKnownFileType = sourcecode.c.objc; path = TestObject.m; sourceTree = "<group>"; };
		7F82207A1E8F6D37003A06D2 /* TestObject+Test.h */ = {isa = PBXFileReference; fileEncoding = 4; lastKnownFileType = sourcecode.c.h; path = "TestObject+Test.h"; sourceTree = "<group>"; };
		7F82207B1E8F6D37003A06D2 /* TestObject+Test.m */ = {isa = PBXFileReference; fileEncoding = 4; lastKnownFileType = sourcecode.c.objc; path = "TestObject+Test.m"; sourceTree = "<group>"; };
		7FDCF88B1E80DE1000408069 /* DZStudy.app */ = {isa = PBXFileReference; explicitFileType = wrapper.application; includeInIndex = 0; path = DZStudy.app; sourceTree = BUILT_PRODUCTS_DIR; };
		7FDCF88F1E80DE1000408069 /* main.m */ = {isa = PBXFileReference; lastKnownFileType = sourcecode.c.objc; path = main.m; sourceTree = "<group>"; };
		7FDCF8911E80DE1000408069 /* AppDelegate.h */ = {isa = PBXFileReference; lastKnownFileType = sourcecode.c.h; path = AppDelegate.h; sourceTree = "<group>"; };
		7FDCF8921E80DE1000408069 /* AppDelegate.m */ = {isa = PBXFileReference; lastKnownFileType = sourcecode.c.objc; path = AppDelegate.m; sourceTree = "<group>"; };
		7FDCF8981E80DE1000408069 /* Base */ = {isa = PBXFileReference; lastKnownFileType = file.storyboard; name = Base; path = Base.lproj/Main.storyboard; sourceTree = "<group>"; };
		7FDCF89B1E80DE1000408069 /* DZStudy.xcdatamodel */ = {isa = PBXFileReference; lastKnownFileType = wrapper.xcdatamodel; path = DZStudy.xcdatamodel; sourceTree = "<group>"; };
		7FDCF89D1E80DE1000408069 /* Assets.xcassets */ = {isa = PBXFileReference; lastKnownFileType = folder.assetcatalog; path = Assets.xcassets; sourceTree = "<group>"; };
		7FDCF8A01E80DE1000408069 /* Base */ = {isa = PBXFileReference; lastKnownFileType = file.storyboard; name = Base; path = Base.lproj/LaunchScreen.storyboard; sourceTree = "<group>"; };
		7FDCF8A21E80DE1000408069 /* Info.plist */ = {isa = PBXFileReference; lastKnownFileType = text.plist.xml; path = Info.plist; sourceTree = "<group>"; };
		7FDCF8AE1E80DFCB00408069 /* ViewController.h */ = {isa = PBXFileReference; fileEncoding = 4; lastKnownFileType = sourcecode.c.h; path = ViewController.h; sourceTree = "<group>"; };
		7FDCF8AF1E80DFCB00408069 /* ViewController.m */ = {isa = PBXFileReference; fileEncoding = 4; lastKnownFileType = sourcecode.c.objc; path = ViewController.m; sourceTree = "<group>"; };
/* End PBXFileReference section */

/* Begin PBXFrameworksBuildPhase section */
		7FDCF8881E80DE1000408069 /* Frameworks */ = {
			isa = PBXFrameworksBuildPhase;
			buildActionMask = 2147483647;
			files = (
			);
			runOnlyForDeploymentPostprocessing = 0;
		};
/* End PBXFrameworksBuildPhase section */

/* Begin PBXGroup section */
		7F3556331E83D6E2001AC486 /* MVCKit */ = {
			isa = PBXGroup;
			children = (
				7F67CEF81F28AE0B00AA61E4 /* Sort */,
				7F77C7B11E84C36000CDAFE0 /* BaseView */,
				7F3556391E83D743001AC486 /* Multithreading */,
				7F3556341E83D6E2001AC486 /* Rumtime */,
			);
			path = MVCKit;
			sourceTree = "<group>";
		};
		7F3556341E83D6E2001AC486 /* Rumtime */ = {
			isa = PBXGroup;
			children = (
				7F3556351E83D6E2001AC486 /* Controller */,
			);
			path = Rumtime;
			sourceTree = "<group>";
		};
		7F3556351E83D6E2001AC486 /* Controller */ = {
			isa = PBXGroup;
			children = (
				7F3556361E83D6F5001AC486 /* DZRuntimeViewController.h */,
				7F3556371E83D6F5001AC486 /* DZRuntimeViewController.m */,
			);
			path = Controller;
			sourceTree = "<group>";
		};
		7F3556391E83D743001AC486 /* Multithreading */ = {
			isa = PBXGroup;
			children = (
				7F35563A1E83D743001AC486 /* Controller */,
			);
			path = Multithreading;
			sourceTree = "<group>";
		};
		7F35563A1E83D743001AC486 /* Controller */ = {
			isa = PBXGroup;
			children = (
				7F35563B1E83D76C001AC486 /* DZMultithreadingViewController.h */,
				7F35563C1E83D76C001AC486 /* DZMultithreadingViewController.m */,
			);
			path = Controller;
			sourceTree = "<group>";
		};
		7F67CEF81F28AE0B00AA61E4 /* Sort */ = {
			isa = PBXGroup;
			children = (
				7F67CEF91F28AE2C00AA61E4 /* DZSortViewController.h */,
				7F67CEFA1F28AE2C00AA61E4 /* DZSortViewController.m */,
			);
			path = Sort;
			sourceTree = "<group>";
		};
		7F77C7B11E84C36000CDAFE0 /* BaseView */ = {
			isa = PBXGroup;
			children = (
				7F77C7B21E84C36000CDAFE0 /* Controller */,
				7F77C7B51E84C36000CDAFE0 /* Model */,
			);
			path = BaseView;
			sourceTree = "<group>";
		};
		7F77C7B21E84C36000CDAFE0 /* Controller */ = {
			isa = PBXGroup;
			children = (
				7F77C7B31E84C36000CDAFE0 /* DZBaseViewController.h */,
				7F77C7B41E84C36000CDAFE0 /* DZBaseViewController.m */,
			);
			path = Controller;
			sourceTree = "<group>";
		};
		7F77C7B51E84C36000CDAFE0 /* Model */ = {
			isa = PBXGroup;
			children = (
				7F77C7B61E84C36000CDAFE0 /* DZBaseViewModel.h */,
				7F77C7B71E84C36000CDAFE0 /* DZBaseViewModel.m */,
			);
			path = Model;
			sourceTree = "<group>";
		};
		7F77C7BA1E84CAC500CDAFE0 /* Commons */ = {
			isa = PBXGroup;
			children = (
				7F77C7C01E84CC1400CDAFE0 /* Utils */,
				7F77C7BB1E84CAC500CDAFE0 /* Constants */,
			);
			path = Commons;
			sourceTree = "<group>";
		};
		7F77C7BB1E84CAC500CDAFE0 /* Constants */ = {
			isa = PBXGroup;
			children = (
				7F77C7BC1E84CAD400CDAFE0 /* DZConstants.h */,
			);
			path = Constants;
			sourceTree = "<group>";
		};
		7F77C7BD1E84CB3900CDAFE0 /* SourceFiles */ = {
			isa = PBXGroup;
			children = (
				7F77C7BE1E84CB7300CDAFE0 /* HomeViewDataSource.plist */,
			);
			path = SourceFiles;
			sourceTree = "<group>";
		};
		7F77C7C01E84CC1400CDAFE0 /* Utils */ = {
			isa = PBXGroup;
			children = (
				7F77C7C11E84CC2100CDAFE0 /* DZUtils.h */,
				7F77C7C21E84CC2100CDAFE0 /* DZUtils.m */,
			);
			path = Utils;
			sourceTree = "<group>";
		};
		7FDCF8821E80DE1000408069 = {
			isa = PBXGroup;
			children = (
				7FDCF88D1E80DE1000408069 /* DZStudy */,
				7FDCF88C1E80DE1000408069 /* Products */,
			);
			sourceTree = "<group>";
		};
		7FDCF88C1E80DE1000408069 /* Products */ = {
			isa = PBXGroup;
			children = (
				7FDCF88B1E80DE1000408069 /* DZStudy.app */,
			);
			name = Products;
			sourceTree = "<group>";
		};
		7FDCF88D1E80DE1000408069 /* DZStudy */ = {
			isa = PBXGroup;
			children = (
				7F77C7BD1E84CB3900CDAFE0 /* SourceFiles */,
				7F77C7BA1E84CAC500CDAFE0 /* Commons */,
				7F3556331E83D6E2001AC486 /* MVCKit */,
				7FDCF8911E80DE1000408069 /* AppDelegate.h */,
				7FDCF8921E80DE1000408069 /* AppDelegate.m */,
				7FDCF8AE1E80DFCB00408069 /* ViewController.h */,
				7FDCF8AF1E80DFCB00408069 /* ViewController.m */,
				7F370F831F1355F100BDC51C /* DZLoginViewController.h */,
				7F370F841F1355F100BDC51C /* DZLoginViewController.m */,
				7F370F8F1F13644700BDC51C /* UIViewController+Custom.h */,
				7F370F901F13644700BDC51C /* UIViewController+Custom.m */,
				7FDCF8971E80DE1000408069 /* Main.storyboard */,
				7FDCF89D1E80DE1000408069 /* Assets.xcassets */,
				7FDCF89F1E80DE1000408069 /* LaunchScreen.storyboard */,
				7FDCF8A21E80DE1000408069 /* Info.plist */,
				7FDCF89A1E80DE1000408069 /* DZStudy.xcdatamodeld */,
				7FDCF88E1E80DE1000408069 /* Supporting Files */,
				7F8220771E8F6D11003A06D2 /* TestObject.h */,
				7F8220781E8F6D11003A06D2 /* TestObject.m */,
				7F82207A1E8F6D37003A06D2 /* TestObject+Test.h */,
				7F82207B1E8F6D37003A06D2 /* TestObject+Test.m */,
				7F370F861F135B2D00BDC51C /* TransPushTool.h */,
				7F370F871F135B2D00BDC51C /* TransPushTool.m */,
				7F370F891F135BC900BDC51C /* TransPopTool.h */,
				7F370F8A1F135BC900BDC51C /* TransPopTool.m */,
				7F370F8C1F135FDC00BDC51C /* DZPushTransition.h */,
				7F370F8D1F135FDC00BDC51C /* DZPushTransition.m */,
				7F370F921F1365BD00BDC51C /* DZPopTransition.h */,
				7F370F931F1365BD00BDC51C /* DZPopTransition.m */,
			);
			path = DZStudy;
			sourceTree = "<group>";
		};
		7FDCF88E1E80DE1000408069 /* Supporting Files */ = {
			isa = PBXGroup;
			children = (
				7FDCF88F1E80DE1000408069 /* main.m */,
			);
			name = "Supporting Files";
			sourceTree = "<group>";
		};
/* End PBXGroup section */

/* Begin PBXNativeTarget section */
		7FDCF88A1E80DE1000408069 /* DZStudy */ = {
			isa = PBXNativeTarget;
			buildConfigurationList = 7FDCF8A51E80DE1000408069 /* Build configuration list for PBXNativeTarget "DZStudy" */;
			buildPhases = (
				7FDCF8871E80DE1000408069 /* Sources */,
				7FDCF8881E80DE1000408069 /* Frameworks */,
				7FDCF8891E80DE1000408069 /* Resources */,
			);
			buildRules = (
			);
			dependencies = (
			);
			name = DZStudy;
			productName = DZStudy;
			productReference = 7FDCF88B1E80DE1000408069 /* DZStudy.app */;
			productType = "com.apple.product-type.application";
		};
/* End PBXNativeTarget section */

/* Begin PBXProject section */
		7FDCF8831E80DE1000408069 /* Project object */ = {
			isa = PBXProject;
			attributes = {
				LastUpgradeCheck = 0820;
				ORGANIZATIONNAME = "Dong Zheng Tech";
				TargetAttributes = {
					7FDCF88A1E80DE1000408069 = {
						CreatedOnToolsVersion = 8.2.1;
						DevelopmentTeam = KMLNPQ88PK;
						ProvisioningStyle = Automatic;
					};
				};
			};
			buildConfigurationList = 7FDCF8861E80DE1000408069 /* Build configuration list for PBXProject "DZStudy" */;
			compatibilityVersion = "Xcode 3.2";
			developmentRegion = English;
			hasScannedForEncodings = 0;
			knownRegions = (
				en,
				Base,
			);
			mainGroup = 7FDCF8821E80DE1000408069;
			productRefGroup = 7FDCF88C1E80DE1000408069 /* Products */;
			projectDirPath = "";
			projectRoot = "";
			targets = (
				7FDCF88A1E80DE1000408069 /* DZStudy */,
			);
		};
/* End PBXProject section */

/* Begin PBXResourcesBuildPhase section */
		7FDCF8891E80DE1000408069 /* Resources */ = {
			isa = PBXResourcesBuildPhase;
			buildActionMask = 2147483647;
			files = (
				7FDCF8A11E80DE1000408069 /* LaunchScreen.storyboard in Resources */,
				7F77C7BF1E84CB7300CDAFE0 /* HomeViewDataSource.plist in Resources */,
				7FDCF89E1E80DE1000408069 /* Assets.xcassets in Resources */,
				7FDCF8991E80DE1000408069 /* Main.storyboard in Resources */,
			);
			runOnlyForDeploymentPostprocessing = 0;
		};
/* End PBXResourcesBuildPhase section */

/* Begin PBXSourcesBuildPhase section */
		7FDCF8871E80DE1000408069 /* Sources */ = {
			isa = PBXSourcesBuildPhase;
			buildActionMask = 2147483647;
			files = (
				7F370F941F1365BD00BDC51C /* DZPopTransition.m in Sources */,
				7F370F851F1355F100BDC51C /* DZLoginViewController.m in Sources */,
				7F77C7B81E84C36000CDAFE0 /* DZBaseViewController.m in Sources */,
				7F77C7B91E84C36000CDAFE0 /* DZBaseViewModel.m in Sources */,
				7F8220791E8F6D11003A06D2 /* TestObject.m in Sources */,
				7FDCF8931E80DE1000408069 /* AppDelegate.m in Sources */,
				7F77C7C31E84CC2100CDAFE0 /* DZUtils.m in Sources */,
				7F370F8B1F135BC900BDC51C /* TransPopTool.m in Sources */,
				7F370F911F13644700BDC51C /* UIViewController+Custom.m in Sources */,
				7F370F881F135B2D00BDC51C /* TransPushTool.m in Sources */,
				7F370F8E1F135FDC00BDC51C /* DZPushTransition.m in Sources */,
				7FDCF8901E80DE1000408069 /* main.m in Sources */,
				7F35563D1E83D76C001AC486 /* DZMultithreadingViewController.m in Sources */,
				7FDCF89C1E80DE1000408069 /* DZStudy.xcdatamodeld in Sources */,
				7F67CEFB1F28AE2C00AA61E4 /* DZSortViewController.m in Sources */,
				7FDCF8B01E80DFCB00408069 /* ViewController.m in Sources */,
				7F82207C1E8F6D37003A06D2 /* TestObject+Test.m in Sources */,
				7F3556381E83D6F5001AC486 /* DZRuntimeViewController.m in Sources */,
			);
			runOnlyForDeploymentPostprocessing = 0;
		};
/* End PBXSourcesBuildPhase section */

/* Begin PBXVariantGroup section */
		7FDCF8971E80DE1000408069 /* Main.storyboard */ = {
			isa = PBXVariantGroup;
			children = (
				7FDCF8981E80DE1000408069 /* Base */,
			);
			name = Main.storyboard;
			sourceTree = "<group>";
		};
		7FDCF89F1E80DE1000408069 /* LaunchScreen.storyboard */ = {
			isa = PBXVariantGroup;
			children = (
				7FDCF8A01E80DE1000408069 /* Base */,
			);
			name = LaunchScreen.storyboard;
			sourceTree = "<group>";
		};
/* End PBXVariantGroup section */

/* Begin XCBuildConfiguration section */
		7FDCF8A31E80DE1000408069 /* Debug */ = {
			isa = XCBuildConfiguration;
			buildSettings = {
				ALWAYS_SEARCH_USER_PATHS = NO;
				CLANG_ANALYZER_NONNULL = YES;
				CLANG_CXX_LANGUAGE_STANDARD = "gnu++0x";
				CLANG_CXX_LIBRARY = "libc++";
				CLANG_ENABLE_MODULES = YES;
				CLANG_ENABLE_OBJC_ARC = YES;
				CLANG_WARN_BOOL_CONVERSION = YES;
				CLANG_WARN_CONSTANT_CONVERSION = YES;
				CLANG_WARN_DIRECT_OBJC_ISA_USAGE = YES_ERROR;
				CLANG_WARN_DOCUMENTATION_COMMENTS = YES;
				CLANG_WARN_EMPTY_BODY = YES;
				CLANG_WARN_ENUM_CONVERSION = YES;
				CLANG_WARN_INFINITE_RECURSION = YES;
				CLANG_WARN_INT_CONVERSION = YES;
				CLANG_WARN_OBJC_ROOT_CLASS = YES_ERROR;
				CLANG_WARN_SUSPICIOUS_MOVE = YES;
				CLANG_WARN_UNREACHABLE_CODE = YES;
				CLANG_WARN__DUPLICATE_METHOD_MATCH = YES;
				"CODE_SIGN_IDENTITY[sdk=iphoneos*]" = "iPhone Developer";
				COPY_PHASE_STRIP = NO;
				DEBUG_INFORMATION_FORMAT = dwarf;
				ENABLE_STRICT_OBJC_MSGSEND = YES;
				ENABLE_TESTABILITY = YES;
				GCC_C_LANGUAGE_STANDARD = gnu99;
				GCC_DYNAMIC_NO_PIC = NO;
				GCC_NO_COMMON_BLOCKS = YES;
				GCC_OPTIMIZATION_LEVEL = 0;
				GCC_PREPROCESSOR_DEFINITIONS = (
					"DEBUG=1",
					"$(inherited)",
				);
				GCC_WARN_64_TO_32_BIT_CONVERSION = YES;
				GCC_WARN_ABOUT_RETURN_TYPE = YES_ERROR;
				GCC_WARN_UNDECLARED_SELECTOR = YES;
				GCC_WARN_UNINITIALIZED_AUTOS = YES_AGGRESSIVE;
				GCC_WARN_UNUSED_FUNCTION = YES;
				GCC_WARN_UNUSED_VARIABLE = YES;
				IPHONEOS_DEPLOYMENT_TARGET = 10.2;
				MTL_ENABLE_DEBUG_INFO = YES;
				ONLY_ACTIVE_ARCH = YES;
				SDKROOT = iphoneos;
			};
			name = Debug;
		};
		7FDCF8A41E80DE1000408069 /* Release */ = {
			isa = XCBuildConfiguration;
			buildSettings = {
				ALWAYS_SEARCH_USER_PATHS = NO;
				CLANG_ANALYZER_NONNULL = YES;
				CLANG_CXX_LANGUAGE_STANDARD = "gnu++0x";
				CLANG_CXX_LIBRARY = "libc++";
				CLANG_ENABLE_MODULES = YES;
				CLANG_ENABLE_OBJC_ARC = YES;
				CLANG_WARN_BOOL_CONVERSION = YES;
				CLANG_WARN_CONSTANT_CONVERSION = YES;
				CLANG_WARN_DIRECT_OBJC_ISA_USAGE = YES_ERROR;
				CLANG_WARN_DOCUMENTATION_COMMENTS = YES;
				CLANG_WARN_EMPTY_BODY = YES;
				CLANG_WARN_ENUM_CONVERSION = YES;
				CLANG_WARN_INFINITE_RECURSION = YES;
				CLANG_WARN_INT_CONVERSION = YES;
				CLANG_WARN_OBJC_ROOT_CLASS = YES_ERROR;
				CLANG_WARN_SUSPICIOUS_MOVE = YES;
				CLANG_WARN_UNREACHABLE_CODE = YES;
				CLANG_WARN__DUPLICATE_METHOD_MATCH = YES;
				"CODE_SIGN_IDENTITY[sdk=iphoneos*]" = "iPhone Developer";
				COPY_PHASE_STRIP = NO;
				DEBUG_INFORMATION_FORMAT = "dwarf-with-dsym";
				ENABLE_NS_ASSERTIONS = NO;
				ENABLE_STRICT_OBJC_MSGSEND = YES;
				GCC_C_LANGUAGE_STANDARD = gnu99;
				GCC_NO_COMMON_BLOCKS = YES;
				GCC_WARN_64_TO_32_BIT_CONVERSION = YES;
				GCC_WARN_ABOUT_RETURN_TYPE = YES_ERROR;
				GCC_WARN_UNDECLARED_SELECTOR = YES;
				GCC_WARN_UNINITIALIZED_AUTOS = YES_AGGRESSIVE;
				GCC_WARN_UNUSED_FUNCTION = YES;
				GCC_WARN_UNUSED_VARIABLE = YES;
				IPHONEOS_DEPLOYMENT_TARGET = 10.2;
				MTL_ENABLE_DEBUG_INFO = NO;
				SDKROOT = iphoneos;
				VALIDATE_PRODUCT = YES;
			};
			name = Release;
		};
		7FDCF8A61E80DE1000408069 /* Debug */ = {
			isa = XCBuildConfiguration;
			buildSettings = {
				ASSETCATALOG_COMPILER_APPICON_NAME = AppIcon;
				DEVELOPMENT_TEAM = KMLNPQ88PK;
				INFOPLIST_FILE = DZStudy/Info.plist;
				LD_RUNPATH_SEARCH_PATHS = "$(inherited) @executable_path/Frameworks";
				PRODUCT_BUNDLE_IDENTIFIER = com.dongzheng.DZStudy;
				PRODUCT_NAME = "$(TARGET_NAME)";
			};
			name = Debug;
		};
		7FDCF8A71E80DE1000408069 /* Release */ = {
			isa = XCBuildConfiguration;
			buildSettings = {
				ASSETCATALOG_COMPILER_APPICON_NAME = AppIcon;
				DEVELOPMENT_TEAM = KMLNPQ88PK;
				INFOPLIST_FILE = DZStudy/Info.plist;
				LD_RUNPATH_SEARCH_PATHS = "$(inherited) @executable_path/Frameworks";
				PRODUCT_BUNDLE_IDENTIFIER = com.dongzheng.DZStudy;
				PRODUCT_NAME = "$(TARGET_NAME)";
			};
			name = Release;
		};
/* End XCBuildConfiguration section */

/* Begin XCConfigurationList section */
		7FDCF8861E80DE1000408069 /* Build configuration list for PBXProject "DZStudy" */ = {
			isa = XCConfigurationList;
			buildConfigurations = (
				7FDCF8A31E80DE1000408069 /* Debug */,
				7FDCF8A41E80DE1000408069 /* Release */,
			);
			defaultConfigurationIsVisible = 0;
			defaultConfigurationName = Release;
		};
		7FDCF8A51E80DE1000408069 /* Build configuration list for PBXNativeTarget "DZStudy" */ = {
			isa = XCConfigurationList;
			buildConfigurations = (
				7FDCF8A61E80DE1000408069 /* Debug */,
				7FDCF8A71E80DE1000408069 /* Release */,
			);
			defaultConfigurationIsVisible = 0;
			defaultConfigurationName = Release;
		};
/* End XCConfigurationList section */

/* Begin XCVersionGroup section */
		7FDCF89A1E80DE1000408069 /* DZStudy.xcdatamodeld */ = {
			isa = XCVersionGroup;
			children = (
				7FDCF89B1E80DE1000408069 /* DZStudy.xcdatamodel */,
			);
			currentVersion = 7FDCF89B1E80DE1000408069 /* DZStudy.xcdatamodel */;
			path = DZStudy.xcdatamodeld;
			sourceTree = "<group>";
			versionGroupType = wrapper.xcdatamodel;
		};
/* End XCVersionGroup section */
	};
	rootObject = 7FDCF8831E80DE1000408069 /* Project object */;
}
